
Microsoft Visual Studio Solution File, Format Version 12.00
# Visual Studio 15
VisualStudioVersion = 15.0.28010.2046
MinimumVisualStudioVersion = 10.0.40219.1
Project("{888888A0-9F3D-457C-B088-3A5042F75D52}") = "FlaskWebProject1", "FlaskWebProject1\FlaskWebProject1.pyproj", "{F220CE28-3223-42D1-A5E2-AE7B49B6FB79}"
EndProject
Global
	GlobalSection(SolutionConfigurationPlatforms) = preSolution
		Debug|Any CPU = Debug|Any CPU
		Release|Any CPU = Release|Any CPU
	EndGlobalSection
	GlobalSection(ProjectConfigurationPlatforms) = postSolution
		{F220CE28-3223-42D1-A5E2-AE7B49B6FB79}.Debug|Any CPU.ActiveCfg = Debug|Any CPU
		{F220CE28-3223-42D1-A5E2-AE7B49B6FB79}.Debug|Any CPU.Build.0 = Debug|Any CPU
		{F220CE28-3223-42D1-A5E2-AE7B49B6FB79}.Release|Any CPU.ActiveCfg = Release|Any CPU
		{F220CE28-3223-42D1-A5E2-AE7B49B6FB79}.Release|Any CPU.Build.0 = Release|Any CPU
	EndGlobalSection
	GlobalSection(SolutionProperties) = preSolution
		HideSolutionNode = FALSE
	EndGlobalSection
	GlobalSection(ExtensibilityGlobals) = postSolution
		SolutionGuid = {86FA7B62-7C11-43B4-A314-EEE0E00D4626}
	EndGlobalSection
EndGlobal
